
Microsoft Visual Studio Solution File, Format Version 12.00
# Visual Studio 11
Project("{FAE04EC0-301F-11D3-BF4B-00C04F79EFBC}") = "Mono.Cecil", "cecil\Mono.Cecil.csproj", "{D68133BD-1E63-496E-9EDE-4FBDBF77B486}"
EndProject
Project("{FAE04EC0-301F-11D3-BF4B-00C04F79EFBC}") = "Test", "Test\Test.csproj", "{AFAACF4D-EBD9-4FBB-98CA-4CC43A624DC4}"
EndProject
Project("{2150E333-8FDC-42A3-9474-1A3956D46DE8}") = "Solution Items", "Solution Items", "{E711AAA7-AA36-4F58-A51B-D589BF0D6163}"
	ProjectSection(SolutionItems) = preProject
		Readme.markdown = Readme.markdown
	EndProjectSection
EndProject
Project("{FAE04EC0-301F-11D3-BF4B-00C04F79EFBC}") = "Cil2Js", "Cil2Js\Cil2Js.csproj", "{1BC431AB-58C6-4D60-95C2-885FDD784CE0}"
EndProject
Project("{FAE04EC0-301F-11D3-BF4B-00C04F79EFBC}") = "DotNetWebToolkit", "DotNetWebToolkit\DotNetWebToolkit.csproj", "{1F3E8E8C-0806-42AA-872B-78F5231F490F}"
EndProject
Project("{FAE04EC0-301F-11D3-BF4B-00C04F79EFBC}") = "Cil2JsCon", "Cil2JsCon\Cil2JsCon.csproj", "{EBB4239B-4B75-4700-9ADC-5A77AC766513}"
EndProject
Project("{2150E333-8FDC-42A3-9474-1A3956D46DE8}") = "Cecil", "Cecil", "{30848742-6EAF-4847-A7A3-8FBA30352DA5}"
EndProject
Project("{FAE04EC0-301F-11D3-BF4B-00C04F79EFBC}") = "Mono.Cecil.Pdb", "cecil\symbols\pdb\Mono.Cecil.Pdb.csproj", "{63E6915C-7EA4-4D76-AB28-0D7191EEA626}"
EndProject
Global
	GlobalSection(SolutionConfigurationPlatforms) = preSolution
		Debug|Any CPU = Debug|Any CPU
		Debug|Mixed Platforms = Debug|Mixed Platforms
		Debug|x86 = Debug|x86
		Release|Any CPU = Release|Any CPU
		Release|Mixed Platforms = Release|Mixed Platforms
		Release|x86 = Release|x86
	EndGlobalSection
	GlobalSection(ProjectConfigurationPlatforms) = postSolution
		{1BC431AB-58C6-4D60-95C2-885FDD784CE0}.Debug|Any CPU.ActiveCfg = Debug|Any CPU
		{1BC431AB-58C6-4D60-95C2-885FDD784CE0}.Debug|Any CPU.Build.0 = Debug|Any CPU
		{1BC431AB-58C6-4D60-95C2-885FDD784CE0}.Debug|Mixed Platforms.ActiveCfg = Debug|Any CPU
		{1BC431AB-58C6-4D60-95C2-885FDD784CE0}.Debug|Mixed Platforms.Build.0 = Debug|Any CPU
		{1BC431AB-58C6-4D60-95C2-885FDD784CE0}.Debug|x86.ActiveCfg = Debug|x86
		{1BC431AB-58C6-4D60-95C2-885FDD784CE0}.Debug|x86.Build.0 = Debug|x86
		{1BC431AB-58C6-4D60-95C2-885FDD784CE0}.Release|Any CPU.ActiveCfg = Release|Any CPU
		{1BC431AB-58C6-4D60-95C2-885FDD784CE0}.Release|Any CPU.Build.0 = Release|Any CPU
		{1BC431AB-58C6-4D60-95C2-885FDD784CE0}.Release|Mixed Platforms.ActiveCfg = Release|Any CPU
		{1BC431AB-58C6-4D60-95C2-885FDD784CE0}.Release|Mixed Platforms.Build.0 = Release|Any CPU
		{1BC431AB-58C6-4D60-95C2-885FDD784CE0}.Release|x86.ActiveCfg = Release|x86
		{1BC431AB-58C6-4D60-95C2-885FDD784CE0}.Release|x86.Build.0 = Release|x86
		{1F3E8E8C-0806-42AA-872B-78F5231F490F}.Debug|Any CPU.ActiveCfg = Debug|Any CPU
		{1F3E8E8C-0806-42AA-872B-78F5231F490F}.Debug|Any CPU.Build.0 = Debug|Any CPU
		{1F3E8E8C-0806-42AA-872B-78F5231F490F}.Debug|Mixed Platforms.ActiveCfg = Debug|Any CPU
		{1F3E8E8C-0806-42AA-872B-78F5231F490F}.Debug|Mixed Platforms.Build.0 = Debug|Any CPU
		{1F3E8E8C-0806-42AA-872B-78F5231F490F}.Debug|x86.ActiveCfg = Debug|Any CPU
		{1F3E8E8C-0806-42AA-872B-78F5231F490F}.Release|Any CPU.ActiveCfg = Release|Any CPU
		{1F3E8E8C-0806-42AA-872B-78F5231F490F}.Release|Any CPU.Build.0 = Release|Any CPU
		{1F3E8E8C-0806-42AA-872B-78F5231F490F}.Release|Mixed Platforms.ActiveCfg = Release|Any CPU
		{1F3E8E8C-0806-42AA-872B-78F5231F490F}.Release|Mixed Platforms.Build.0 = Release|Any CPU
		{1F3E8E8C-0806-42AA-872B-78F5231F490F}.Release|x86.ActiveCfg = Release|Any CPU
		{63E6915C-7EA4-4D76-AB28-0D7191EEA626}.Debug|Any CPU.ActiveCfg = net_4_0_Debug|Any CPU
		{63E6915C-7EA4-4D76-AB28-0D7191EEA626}.Debug|Any CPU.Build.0 = net_4_0_Debug|Any CPU
		{63E6915C-7EA4-4D76-AB28-0D7191EEA626}.Debug|Mixed Platforms.ActiveCfg = net_4_0_Debug|Any CPU
		{63E6915C-7EA4-4D76-AB28-0D7191EEA626}.Debug|Mixed Platforms.Build.0 = net_4_0_Debug|Any CPU
		{63E6915C-7EA4-4D76-AB28-0D7191EEA626}.Debug|x86.ActiveCfg = net_4_0_Debug|Any CPU
		{63E6915C-7EA4-4D76-AB28-0D7191EEA626}.Release|Any CPU.ActiveCfg = net_4_0_Release|Any CPU
		{63E6915C-7EA4-4D76-AB28-0D7191EEA626}.Release|Any CPU.Build.0 = net_4_0_Release|Any CPU
		{63E6915C-7EA4-4D76-AB28-0D7191EEA626}.Release|Mixed Platforms.ActiveCfg = net_4_0_Release|Any CPU
		{63E6915C-7EA4-4D76-AB28-0D7191EEA626}.Release|Mixed Platforms.Build.0 = net_4_0_Release|Any CPU
		{63E6915C-7EA4-4D76-AB28-0D7191EEA626}.Release|x86.ActiveCfg = net_4_0_Release|Any CPU
		{AFAACF4D-EBD9-4FBB-98CA-4CC43A624DC4}.Debug|Any CPU.ActiveCfg = Debug|x86
		{AFAACF4D-EBD9-4FBB-98CA-4CC43A624DC4}.Debug|Any CPU.Build.0 = Debug|x86
		{AFAACF4D-EBD9-4FBB-98CA-4CC43A624DC4}.Debug|Mixed Platforms.ActiveCfg = Debug|x86
		{AFAACF4D-EBD9-4FBB-98CA-4CC43A624DC4}.Debug|Mixed Platforms.Build.0 = Debug|x86
		{AFAACF4D-EBD9-4FBB-98CA-4CC43A624DC4}.Debug|x86.ActiveCfg = Debug|x86
		{AFAACF4D-EBD9-4FBB-98CA-4CC43A624DC4}.Debug|x86.Build.0 = Debug|x86
		{AFAACF4D-EBD9-4FBB-98CA-4CC43A624DC4}.Release|Any CPU.ActiveCfg = Release|x86
		{AFAACF4D-EBD9-4FBB-98CA-4CC43A624DC4}.Release|Any CPU.Build.0 = Release|x86
		{AFAACF4D-EBD9-4FBB-98CA-4CC43A624DC4}.Release|Mixed Platforms.ActiveCfg = Release|x86
		{AFAACF4D-EBD9-4FBB-98CA-4CC43A624DC4}.Release|Mixed Platforms.Build.0 = Release|x86
		{AFAACF4D-EBD9-4FBB-98CA-4CC43A624DC4}.Release|x86.ActiveCfg = Release|x86
		{AFAACF4D-EBD9-4FBB-98CA-4CC43A624DC4}.Release|x86.Build.0 = Release|x86
		{D68133BD-1E63-496E-9EDE-4FBDBF77B486}.Debug|Any CPU.ActiveCfg = net_4_0_Debug|Any CPU
		{D68133BD-1E63-496E-9EDE-4FBDBF77B486}.Debug|Any CPU.Build.0 = net_4_0_Debug|Any CPU
		{D68133BD-1E63-496E-9EDE-4FBDBF77B486}.Debug|Mixed Platforms.ActiveCfg = net_4_0_Debug|Any CPU
		{D68133BD-1E63-496E-9EDE-4FBDBF77B486}.Debug|Mixed Platforms.Build.0 = net_4_0_Debug|Any CPU
		{D68133BD-1E63-496E-9EDE-4FBDBF77B486}.Debug|x86.ActiveCfg = net_4_0_Release|Any CPU
		{D68133BD-1E63-496E-9EDE-4FBDBF77B486}.Release|Any CPU.ActiveCfg = net_4_0_Release|Any CPU
		{D68133BD-1E63-496E-9EDE-4FBDBF77B486}.Release|Any CPU.Build.0 = net_4_0_Release|Any CPU
		{D68133BD-1E63-496E-9EDE-4FBDBF77B486}.Release|Mixed Platforms.ActiveCfg = net_4_0_Release|Any CPU
		{D68133BD-1E63-496E-9EDE-4FBDBF77B486}.Release|Mixed Platforms.Build.0 = net_4_0_Release|Any CPU
		{D68133BD-1E63-496E-9EDE-4FBDBF77B486}.Release|x86.ActiveCfg = net_4_0_Release|Any CPU
		{EBB4239B-4B75-4700-9ADC-5A77AC766513}.Debug|Any CPU.ActiveCfg = Debug|Any CPU
		{EBB4239B-4B75-4700-9ADC-5A77AC766513}.Debug|Any CPU.Build.0 = Debug|Any CPU
		{EBB4239B-4B75-4700-9ADC-5A77AC766513}.Debug|Mixed Platforms.ActiveCfg = Debug|Any CPU
		{EBB4239B-4B75-4700-9ADC-5A77AC766513}.Debug|Mixed Platforms.Build.0 = Debug|Any CPU
		{EBB4239B-4B75-4700-9ADC-5A77AC766513}.Debug|x86.ActiveCfg = Debug|Any CPU
		{EBB4239B-4B75-4700-9ADC-5A77AC766513}.Release|Any CPU.ActiveCfg = Release|Any CPU
		{EBB4239B-4B75-4700-9ADC-5A77AC766513}.Release|Any CPU.Build.0 = Release|Any CPU
		{EBB4239B-4B75-4700-9ADC-5A77AC766513}.Release|Mixed Platforms.ActiveCfg = Release|Any CPU
		{EBB4239B-4B75-4700-9ADC-5A77AC766513}.Release|Mixed Platforms.Build.0 = Release|Any CPU
		{EBB4239B-4B75-4700-9ADC-5A77AC766513}.Release|x86.ActiveCfg = Release|Any CPU
	EndGlobalSection
	GlobalSection(SolutionProperties) = preSolution
		HideSolutionNode = FALSE
	EndGlobalSection
	GlobalSection(NestedProjects) = preSolution
		{63E6915C-7EA4-4D76-AB28-0D7191EEA626} = {30848742-6EAF-4847-A7A3-8FBA30352DA5}
		{D68133BD-1E63-496E-9EDE-4FBDBF77B486} = {30848742-6EAF-4847-A7A3-8FBA30352DA5}
	EndGlobalSection
EndGlobal
